
Microsoft Visual Studio Solution File, Format Version 12.00
# Visual Studio 15
VisualStudioVersion = 15.0.27428.2043
MinimumVisualStudioVersion = 10.0.40219.1
Project("{FAE04EC0-301F-11D3-BF4B-00C04F79EFBC}") = "Uiana.Library.Memmim", "Uiana.Library.Memmim\Uiana.Library.Memmim.csproj", "{4554AEF8-5DD3-4C56-BA5B-1844EAA1B80F}"
EndProject
Project("{FAE04EC0-301F-11D3-BF4B-00C04F79EFBC}") = "Uiana.Library.Memmim.Sample", "Uiana.Library.Memmim.Sample\Uiana.Library.Memmim.Sample.csproj", "{0F038340-D064-40D1-A477-720259EC1561}"
EndProject
Global
	GlobalSection(SolutionConfigurationPlatforms) = preSolution
		Debug|Any CPU = Debug|Any CPU
		Release|Any CPU = Release|Any CPU
	EndGlobalSection
	GlobalSection(ProjectConfigurationPlatforms) = postSolution
		{4554AEF8-5DD3-4C56-BA5B-1844EAA1B80F}.Debug|Any CPU.ActiveCfg = Debug|Any CPU
		{4554AEF8-5DD3-4C56-BA5B-1844EAA1B80F}.Debug|Any CPU.Build.0 = Debug|Any CPU
		{4554AEF8-5DD3-4C56-BA5B-1844EAA1B80F}.Release|Any CPU.ActiveCfg = Release|Any CPU
		{4554AEF8-5DD3-4C56-BA5B-1844EAA1B80F}.Release|Any CPU.Build.0 = Release|Any CPU
		{0F038340-D064-40D1-A477-720259EC1561}.Debug|Any CPU.ActiveCfg = Debug|Any CPU
		{0F038340-D064-40D1-A477-720259EC1561}.Debug|Any CPU.Build.0 = Debug|Any CPU
		{0F038340-D064-40D1-A477-720259EC1561}.Release|Any CPU.ActiveCfg = Release|Any CPU
		{0F038340-D064-40D1-A477-720259EC1561}.Release|Any CPU.Build.0 = Release|Any CPU
	EndGlobalSection
	GlobalSection(SolutionProperties) = preSolution
		HideSolutionNode = FALSE
	EndGlobalSection
	GlobalSection(ExtensibilityGlobals) = postSolution
		SolutionGuid = {3B472587-C9EC-47F9-8671-B9B2F5380BE7}
	EndGlobalSection
EndGlobal
